{
  "name": "@radarrelay/sdk",
  "version": "0.2.1",
  "lockfileVersion": 1,
  "requires": true,
  "dependencies": {
    "@types/events": {
      "version": "1.2.0",
      "resolved": "https://registry.npmjs.org/@types/events/-/events-1.2.0.tgz",
      "integrity": "sha512-KEIlhXnIutzKwRbQkGWb/I4HFqBuUykAdHgDED6xqwXJfONCjF5VoE0cXEiurh3XauygxzeDzgtXUqvLkxFzzA==",
      "dev": true
    },
    "@types/websocket": {
      "version": "0.0.39",
      "resolved": "https://registry.npmjs.org/@types/websocket/-/websocket-0.0.39.tgz",
      "integrity": "sha512-kkolSWXuovMp3QEfogZ+nuupLdVVqHmyajPVZGKmMGZr3P9LrJ18fKuCkYmHNw2GZ8QoUjdKYF/prezaFsoT9w==",
      "dev": true,
      "requires": {
        "@types/events": "1.2.0",
        "@types/node": "10.3.1"
      },
      "dependencies": {
        "@types/node": {
          "version": "10.3.1",
          "resolved": "https://registry.npmjs.org/@types/node/-/node-10.3.1.tgz",
          "integrity": "sha512-IsX9aDHDzJohkm3VCDB8tkzl5RQ34E/PFA29TQk6uDGb7Oc869ZBtmdKVDBzY3+h9GnXB8ssrRXEPVZrlIOPOw==",
          "dev": true
        }
      }
    }
  }
}
